{
  "version": 4,
  "terraform_version": "1.4.6",
  "serial": 51,
  "lineage": "da34f068-1b59-b78b-2f68-b01aa9cc72ac",
  "outputs": {},
  "resources": [
    {
      "mode": "managed",
      "type": "google_cloudfunctions_function",
      "name": "julesiimFunction",
      "provider": "provider[\"registry.terraform.io/hashicorp/google\"]",
      "instances": [
        {
          "schema_version": 0,
          "attributes": {
            "available_memory_mb": 256,
            "build_environment_variables": null,
            "build_worker_pool": "",
            "description": "",
            "docker_registry": "CONTAINER_REGISTRY",
            "docker_repository": "",
            "entry_point": "helloGCS",
            "environment_variables": {},
            "event_trigger": [],
            "https_trigger_security_level": "SECURE_OPTIONAL",
            "https_trigger_url": "https://europe-west1-student-iim-jules.cloudfunctions.net/julesiim-function",
            "id": "projects/student-iim-jules/locations/europe-west1/functions/julesiim-function",
            "ingress_settings": "ALLOW_ALL",
            "kms_key_name": "",
            "labels": {},
            "max_instances": 0,
            "min_instances": 0,
            "name": "julesiim-function",
            "project": "student-iim-jules",
            "region": "europe-west1",
            "runtime": "nodejs14",
            "secret_environment_variables": [],
            "secret_volumes": [],
            "service_account_email": "student-iim-jules@appspot.gserviceaccount.com",
            "source_archive_bucket": "function-bucket-jules-iim",
            "source_archive_object": "function-bucket.zip",
            "source_repository": [],
            "timeout": 10,
            "timeouts": null,
            "trigger_http": true,
            "vpc_connector": "",
            "vpc_connector_egress_settings": ""
          },
          "sensitive_attributes": [],
          "private": "eyJlMmJmYjczMC1lY2FhLTExZTYtOGY4OC0zNDM2M2JjN2M0YzAiOnsiY3JlYXRlIjozMDAwMDAwMDAwMDAsImRlbGV0ZSI6MzAwMDAwMDAwMDAwLCJyZWFkIjozMDAwMDAwMDAwMDAsInVwZGF0ZSI6MzAwMDAwMDAwMDAwfX0=",
          "dependencies": [
            "google_storage_bucket_object.function_zip"
          ]
        }
      ]
    },
    {
      "mode": "managed",
      "type": "google_storage_bucket_object",
      "name": "function_zip",
      "provider": "provider[\"registry.terraform.io/hashicorp/google\"]",
      "instances": [
        {
          "schema_version": 0,
          "attributes": {
            "bucket": "function-bucket-jules-iim",
            "cache_control": "",
            "content": null,
            "content_disposition": "",
            "content_encoding": "",
            "content_language": "",
            "content_type": "application/zip",
            "crc32c": "6nTBIw==",
            "customer_encryption": [],
            "detect_md5hash": "4WZT2sRLNXO0m5OP1Tc4Ww==",
            "event_based_hold": false,
            "id": "function-bucket-jules-iim-function-bucket.zip",
            "kms_key_name": "",
            "md5hash": "4WZT2sRLNXO0m5OP1Tc4Ww==",
            "media_link": "https://storage.googleapis.com/download/storage/v1/b/function-bucket-jules-iim/o/function-bucket.zip?generation=1683138455719098\u0026alt=media",
            "metadata": {},
            "name": "function-bucket.zip",
            "output_name": "function-bucket.zip",
            "self_link": "https://www.googleapis.com/storage/v1/b/function-bucket-jules-iim/o/function-bucket.zip",
            "source": "./julesiimFunction-v2.zip",
            "storage_class": "STANDARD",
            "temporary_hold": false,
            "timeouts": null
          },
          "sensitive_attributes": [],
          "private": "eyJlMmJmYjczMC1lY2FhLTExZTYtOGY4OC0zNDM2M2JjN2M0YzAiOnsiY3JlYXRlIjoyNDAwMDAwMDAwMDAsImRlbGV0ZSI6MjQwMDAwMDAwMDAwLCJ1cGRhdGUiOjI0MDAwMDAwMDAwMH19"
        }
      ]
    }
  ],
  "check_results": null
}
